// !$*UTF8*$!
{
	archiveVersion = 1;
	classes = {
	};
	objectVersion = 51;
	objects = {

/* Begin PBXBuildFile section */
		4D3C0B10247A6BC600B22355 /* AuthInteractor.swift in Sources */ = {isa = PBXBuildFile; fileRef = 4D3C0B0F247A6BC600B22355 /* AuthInteractor.swift */; };
		4D3C0B1B247A72A800B22355 /* DependencyFactory.swift in Sources */ = {isa = PBXBuildFile; fileRef = 4D3C0B17247A72A800B22355 /* DependencyFactory.swift */; };
		4D3C0B1C247A72A800B22355 /* ServiceFactory.swift in Sources */ = {isa = PBXBuildFile; fileRef = 4D3C0B18247A72A800B22355 /* ServiceFactory.swift */; };
		4D3C0B1D247A72A800B22355 /* CoreFactory.swift in Sources */ = {isa = PBXBuildFile; fileRef = 4D3C0B19247A72A800B22355 /* CoreFactory.swift */; };
		4D3C0B1E247A72A800B22355 /* CompositionFactory.swift in Sources */ = {isa = PBXBuildFile; fileRef = 4D3C0B1A247A72A800B22355 /* CompositionFactory.swift */; };
		4D3C0B23247A787900B22355 /* MainTabBarController.swift in Sources */ = {isa = PBXBuildFile; fileRef = 4D3C0B22247A787900B22355 /* MainTabBarController.swift */; };
		4D3C0B25247A78ED00B22355 /* Loadable.swift in Sources */ = {isa = PBXBuildFile; fileRef = 4D3C0B24247A78ED00B22355 /* Loadable.swift */; };
		4D3C0B27247A791D00B22355 /* RouterInput.swift in Sources */ = {isa = PBXBuildFile; fileRef = 4D3C0B26247A791D00B22355 /* RouterInput.swift */; };
		4D3C0B2A247A794400B22355 /* ModuleTransitionHandler.swift in Sources */ = {isa = PBXBuildFile; fileRef = 4D3C0B29247A794400B22355 /* ModuleTransitionHandler.swift */; };
		4D3C0B2C247A795700B22355 /* Assembly.swift in Sources */ = {isa = PBXBuildFile; fileRef = 4D3C0B2B247A795700B22355 /* Assembly.swift */; };
		4D3C0B2E247A798700B22355 /* ViewOutput.swift in Sources */ = {isa = PBXBuildFile; fileRef = 4D3C0B2D247A798700B22355 /* ViewOutput.swift */; };
		4D3C0B31247A79CC00B22355 /* AlertPresentable.swift in Sources */ = {isa = PBXBuildFile; fileRef = 4D3C0B30247A79CC00B22355 /* AlertPresentable.swift */; };
		4D3C0B33247A79E400B22355 /* AlertAction.swift in Sources */ = {isa = PBXBuildFile; fileRef = 4D3C0B32247A79E400B22355 /* AlertAction.swift */; };
		4D3C0B35247A7A0B00B22355 /* Localized.strings in Resources */ = {isa = PBXBuildFile; fileRef = 4D3C0B34247A7A0B00B22355 /* Localized.strings */; };
		4D3C0B3B247A7A9E00B22355 /* TableCellConfigurator.swift in Sources */ = {isa = PBXBuildFile; fileRef = 4D3C0B3A247A7A9E00B22355 /* TableCellConfigurator.swift */; };
		4D3C0B3D247A7AB600B22355 /* CellConfigurator.swift in Sources */ = {isa = PBXBuildFile; fileRef = 4D3C0B3C247A7AB600B22355 /* CellConfigurator.swift */; };
		4D3C0B3F247A7AC600B22355 /* Configurable.swift in Sources */ = {isa = PBXBuildFile; fileRef = 4D3C0B3E247A7AC600B22355 /* Configurable.swift */; };
		4D3C0B41247A7ADE00B22355 /* CollectionCellConfigurator.swift in Sources */ = {isa = PBXBuildFile; fileRef = 4D3C0B40247A7ADE00B22355 /* CollectionCellConfigurator.swift */; };
		4D3C0B44247A7B0800B22355 /* MainRouter.swift in Sources */ = {isa = PBXBuildFile; fileRef = 4D3C0B43247A7B0800B22355 /* MainRouter.swift */; };
		4D3C0B46247A7B3600B22355 /* InterfaceUtils.swift in Sources */ = {isa = PBXBuildFile; fileRef = 4D3C0B45247A7B3600B22355 /* InterfaceUtils.swift */; };
		4D3C0B48247A89E800B22355 /* MainTabBarAssembly.swift in Sources */ = {isa = PBXBuildFile; fileRef = 4D3C0B47247A89E800B22355 /* MainTabBarAssembly.swift */; };
		4D3C0B4A247A8ACB00B22355 /* MainTabBarPresenter.swift in Sources */ = {isa = PBXBuildFile; fileRef = 4D3C0B49247A8ACB00B22355 /* MainTabBarPresenter.swift */; };
		4D3C0B4D247A9AFC00B22355 /* AuthRouter.swift in Sources */ = {isa = PBXBuildFile; fileRef = 4D3C0B4C247A9AFC00B22355 /* AuthRouter.swift */; };
		4D3C0B61247AA43500B22355 /* ProfileMenuDataProvider.swift in Sources */ = {isa = PBXBuildFile; fileRef = 4D3C0B56247AA43400B22355 /* ProfileMenuDataProvider.swift */; };
		4D3C0B62247AA43500B22355 /* ProfileMenuPresenter.swift in Sources */ = {isa = PBXBuildFile; fileRef = 4D3C0B57247AA43400B22355 /* ProfileMenuPresenter.swift */; };
		4D3C0B63247AA43500B22355 /* ProfileMenuAssembly.swift in Sources */ = {isa = PBXBuildFile; fileRef = 4D3C0B59247AA43400B22355 /* ProfileMenuAssembly.swift */; };
		4D3C0B64247AA43500B22355 /* ProfileMenuRouter.swift in Sources */ = {isa = PBXBuildFile; fileRef = 4D3C0B5A247AA43400B22355 /* ProfileMenuRouter.swift */; };
		4D3C0B65247AA43500B22355 /* ProfileMenuViewModel.swift in Sources */ = {isa = PBXBuildFile; fileRef = 4D3C0B5C247AA43400B22355 /* ProfileMenuViewModel.swift */; };
		4D3C0B66247AA43500B22355 /* ProfileMenuViewController.swift in Sources */ = {isa = PBXBuildFile; fileRef = 4D3C0B5E247AA43400B22355 /* ProfileMenuViewController.swift */; };
		4D3C0B67247AA43500B22355 /* ProfileMenuInteractor.swift in Sources */ = {isa = PBXBuildFile; fileRef = 4D3C0B60247AA43400B22355 /* ProfileMenuInteractor.swift */; };
		4D3C0B6A247AA82C00B22355 /* Collection+Safe.swift in Sources */ = {isa = PBXBuildFile; fileRef = 4D3C0B69247AA82C00B22355 /* Collection+Safe.swift */; };
		4D3C0B6C247AA85100B22355 /* NSObject+ClassName.swift in Sources */ = {isa = PBXBuildFile; fileRef = 4D3C0B6B247AA85100B22355 /* NSObject+ClassName.swift */; };
		4D3C0B6F247BF52400B22355 /* ProfileCell.swift in Sources */ = {isa = PBXBuildFile; fileRef = 4D3C0B6E247BF52400B22355 /* ProfileCell.swift */; };
		4D3C0B71247C01AE00B22355 /* UIView + Borders.swift in Sources */ = {isa = PBXBuildFile; fileRef = 4D3C0B70247C01AE00B22355 /* UIView + Borders.swift */; };
		4D3C0B73247C123D00B22355 /* UICollection+Register.swift in Sources */ = {isa = PBXBuildFile; fileRef = 4D3C0B72247C123D00B22355 /* UICollection+Register.swift */; };
		4D3C0B83247D389800B22355 /* PlacesDataProvider.swift in Sources */ = {isa = PBXBuildFile; fileRef = 4D3C0B78247D389700B22355 /* PlacesDataProvider.swift */; };
		4D3C0B84247D389800B22355 /* PlacesPresenter.swift in Sources */ = {isa = PBXBuildFile; fileRef = 4D3C0B79247D389700B22355 /* PlacesPresenter.swift */; };
		4D3C0B85247D389800B22355 /* PlacesAssembly.swift in Sources */ = {isa = PBXBuildFile; fileRef = 4D3C0B7B247D389700B22355 /* PlacesAssembly.swift */; };
		4D3C0B86247D389800B22355 /* PlacesRouter.swift in Sources */ = {isa = PBXBuildFile; fileRef = 4D3C0B7C247D389700B22355 /* PlacesRouter.swift */; };
		4D3C0B87247D389800B22355 /* PlacesViewModel.swift in Sources */ = {isa = PBXBuildFile; fileRef = 4D3C0B7E247D389700B22355 /* PlacesViewModel.swift */; };
		4D3C0B88247D389800B22355 /* PlacesViewController.swift in Sources */ = {isa = PBXBuildFile; fileRef = 4D3C0B80247D389700B22355 /* PlacesViewController.swift */; };
		4D3C0B89247D389800B22355 /* PlacesMenuInteractor.swift in Sources */ = {isa = PBXBuildFile; fileRef = 4D3C0B82247D389700B22355 /* PlacesMenuInteractor.swift */; };
		4D3C0B8B247D39A200B22355 /* UIView + Edges.swift in Sources */ = {isa = PBXBuildFile; fileRef = 4D3C0B8A247D39A200B22355 /* UIView + Edges.swift */; };
		4D3C0B8E247D3F9800B22355 /* PlaceCell.swift in Sources */ = {isa = PBXBuildFile; fileRef = 4D3C0B8D247D3F9800B22355 /* PlaceCell.swift */; };
		4D3C0B91247D89BC00B22355 /* UserModel.swift in Sources */ = {isa = PBXBuildFile; fileRef = 4D3C0B90247D89BC00B22355 /* UserModel.swift */; };
		4D3C0B93247DA70400B22355 /* UserService.swift in Sources */ = {isa = PBXBuildFile; fileRef = 4D3C0B92247DA70400B22355 /* UserService.swift */; };
		4D3C0B95247DB1B600B22355 /* UserError.swift in Sources */ = {isa = PBXBuildFile; fileRef = 4D3C0B94247DB1B600B22355 /* UserError.swift */; };
		4D667113246602F7003E1012 /* OneLineTextField.swift in Sources */ = {isa = PBXBuildFile; fileRef = 4D667112246602F7003E1012 /* OneLineTextField.swift */; };
		4D66711D2466C571003E1012 /* AuthService.swift in Sources */ = {isa = PBXBuildFile; fileRef = 4D66711C2466C571003E1012 /* AuthService.swift */; };
		4DB00CC4245CB45E00FCC349 /* AppDelegate.swift in Sources */ = {isa = PBXBuildFile; fileRef = 4DB00CC3245CB45E00FCC349 /* AppDelegate.swift */; };
		4DB00CC6245CB45E00FCC349 /* SceneDelegate.swift in Sources */ = {isa = PBXBuildFile; fileRef = 4DB00CC5245CB45E00FCC349 /* SceneDelegate.swift */; };
		4DB00CCD245CB46100FCC349 /* Assets.xcassets in Resources */ = {isa = PBXBuildFile; fileRef = 4DB00CCC245CB46100FCC349 /* Assets.xcassets */; };
		4DB00CD0245CB46100FCC349 /* LaunchScreen.storyboard in Resources */ = {isa = PBXBuildFile; fileRef = 4DB00CCE245CB46100FCC349 /* LaunchScreen.storyboard */; };
		4DB00CDF245CC0D300FCC349 /* AuthViewController.swift in Sources */ = {isa = PBXBuildFile; fileRef = 4DB00CDE245CC0D300FCC349 /* AuthViewController.swift */; };
		4DB00CE7245D91D700FCC349 /* GoogleService-Info.plist in Resources */ = {isa = PBXBuildFile; fileRef = 4DB00CE6245D91D700FCC349 /* GoogleService-Info.plist */; };
		4DB00CEA245DA51800FCC349 /* AuthAssembly.swift in Sources */ = {isa = PBXBuildFile; fileRef = 4DB00CE9245DA51800FCC349 /* AuthAssembly.swift */; };
		4DB00CF0246045D100FCC349 /* LaunchViewController.swift in Sources */ = {isa = PBXBuildFile; fileRef = 4DB00CEF246045D100FCC349 /* LaunchViewController.swift */; };
		4DB00CF42460482900FCC349 /* Aliases.swift in Sources */ = {isa = PBXBuildFile; fileRef = 4DB00CF32460482900FCC349 /* Aliases.swift */; };
		4DB00CF824604B3C00FCC349 /* R.generated.swift in Sources */ = {isa = PBXBuildFile; fileRef = 4DB00CF724604B3C00FCC349 /* R.generated.swift */; };
		4DB00CFB24604BBE00FCC349 /* LaunchAssembly.swift in Sources */ = {isa = PBXBuildFile; fileRef = 4DB00CFA24604BBE00FCC349 /* LaunchAssembly.swift */; };
		4DB00D062460DAB600FCC349 /* sf-ui-display-bold-58646a511e3d9.otf in Resources */ = {isa = PBXBuildFile; fileRef = 4DB00CFD2460DAB600FCC349 /* sf-ui-display-bold-58646a511e3d9.otf */; };
		4DB00D072460DAB600FCC349 /* sf-ui-display-heavy-586470160b9e5.otf in Resources */ = {isa = PBXBuildFile; fileRef = 4DB00CFE2460DAB600FCC349 /* sf-ui-display-heavy-586470160b9e5.otf */; };
		4DB00D082460DAB600FCC349 /* sf-ui-display-thin-58646e9b26e8b.otf in Resources */ = {isa = PBXBuildFile; fileRef = 4DB00CFF2460DAB600FCC349 /* sf-ui-display-thin-58646e9b26e8b.otf */; };
		4DB00D092460DAB600FCC349 /* sf-ui-display-semibold-58646eddcae92.otf in Resources */ = {isa = PBXBuildFile; fileRef = 4DB00D002460DAB600FCC349 /* sf-ui-display-semibold-58646eddcae92.otf */; };
		4DB00D0A2460DAB600FCC349 /* sf-ui-display-black-58646a6b80d5a.otf in Resources */ = {isa = PBXBuildFile; fileRef = 4DB00D012460DAB600FCC349 /* sf-ui-display-black-58646a6b80d5a.otf */; };
		4DB00D0B2460DAB600FCC349 /* sf-ui-display-medium-58646be638f96.otf in Resources */ = {isa = PBXBuildFile; fileRef = 4DB00D022460DAB600FCC349 /* sf-ui-display-medium-58646be638f96.otf */; };
		4DB00D0C2460DAB600FCC349 /* SF UI Display Regular.ttf in Resources */ = {isa = PBXBuildFile; fileRef = 4DB00D032460DAB600FCC349 /* SF UI Display Regular.ttf */; };
		4DB00D0D2460DAB600FCC349 /* sf-ui-display-light-58646b33e0551.otf in Resources */ = {isa = PBXBuildFile; fileRef = 4DB00D042460DAB600FCC349 /* sf-ui-display-light-58646b33e0551.otf */; };
		4DB00D0E2460DAB600FCC349 /* sf-ui-display-ultralight-58646b19bf205.otf in Resources */ = {isa = PBXBuildFile; fileRef = 4DB00D052460DAB600FCC349 /* sf-ui-display-ultralight-58646b19bf205.otf */; };
		4DB00D1224617BDD00FCC349 /* UIButton + Extensions.swift in Sources */ = {isa = PBXBuildFile; fileRef = 4DB00D1124617BDD00FCC349 /* UIButton + Extensions.swift */; };
		4DB00D1424617C5600FCC349 /* UILabel + Extensions.swift in Sources */ = {isa = PBXBuildFile; fileRef = 4DB00D1324617C5600FCC349 /* UILabel + Extensions.swift */; };
		4DB00D1624617C9500FCC349 /* UIColor + Extensions.swift in Sources */ = {isa = PBXBuildFile; fileRef = 4DB00D1524617C9500FCC349 /* UIColor + Extensions.swift */; };
		4DB00D1824617D2E00FCC349 /* UIStackView + Extensions.swift in Sources */ = {isa = PBXBuildFile; fileRef = 4DB00D1724617D2E00FCC349 /* UIStackView + Extensions.swift */; };
		4DB00D1B24617EA100FCC349 /* BottomFromView.swift in Sources */ = {isa = PBXBuildFile; fileRef = 4DB00D1A24617EA100FCC349 /* BottomFromView.swift */; };
		4DB00D1D2461A3E800FCC349 /* AuthPresenter.swift in Sources */ = {isa = PBXBuildFile; fileRef = 4DB00D1C2461A3E800FCC349 /* AuthPresenter.swift */; };
		9FBFB476DD628E9DE9827BEB /* Pods_IGid.framework in Frameworks */ = {isa = PBXBuildFile; fileRef = B07E176B9BB2833B8A7E1B4C /* Pods_IGid.framework */; };
		F3079E162486781A0047E37A /* SnappingCollectionViewLayout.swift in Sources */ = {isa = PBXBuildFile; fileRef = F3079E152486781A0047E37A /* SnappingCollectionViewLayout.swift */; };
		F3079E1B248682750047E37A /* MapViewController.swift in Sources */ = {isa = PBXBuildFile; fileRef = F3079E1A248682750047E37A /* MapViewController.swift */; };
		F3079E1E248682AF0047E37A /* MapAssembly.swift in Sources */ = {isa = PBXBuildFile; fileRef = F3079E1D248682AF0047E37A /* MapAssembly.swift */; };
		F3079E21248684060047E37A /* MapPresenter.swift in Sources */ = {isa = PBXBuildFile; fileRef = F3079E20248684060047E37A /* MapPresenter.swift */; };
		F3079E23248690C20047E37A /* AnnotationModel.swift in Sources */ = {isa = PBXBuildFile; fileRef = F3079E22248690C20047E37A /* AnnotationModel.swift */; };
		F33C04E7247FA35400707ADA /* ShrinkingTableViewCell.swift in Sources */ = {isa = PBXBuildFile; fileRef = F33C04E6247FA35400707ADA /* ShrinkingTableViewCell.swift */; };
		F33C04E9247FA36D00707ADA /* ShrinkingCollectionViewCell.swift in Sources */ = {isa = PBXBuildFile; fileRef = F33C04E8247FA36D00707ADA /* ShrinkingCollectionViewCell.swift */; };
		F33C04EB247FB89100707ADA /* UIViewController+NavigationBar.swift in Sources */ = {isa = PBXBuildFile; fileRef = F33C04EA247FB89100707ADA /* UIViewController+NavigationBar.swift */; };
		F33C04ED247FE3F000707ADA /* EdgesInsertLabel.swift in Sources */ = {isa = PBXBuildFile; fileRef = F33C04EC247FE3F000707ADA /* EdgesInsertLabel.swift */; };
		F33C04FE24800BA900707ADA /* PlaceCardPresenter.swift in Sources */ = {isa = PBXBuildFile; fileRef = F33C04F324800BA900707ADA /* PlaceCardPresenter.swift */; };
		F33C04FF24800BA900707ADA /* PlaceCardAssembly.swift in Sources */ = {isa = PBXBuildFile; fileRef = F33C04F524800BA900707ADA /* PlaceCardAssembly.swift */; };
		F33C050024800BA900707ADA /* PlaceCardRouter.swift in Sources */ = {isa = PBXBuildFile; fileRef = F33C04F624800BA900707ADA /* PlaceCardRouter.swift */; };
		F33C050124800BA900707ADA /* PlaceCardViewModel.swift in Sources */ = {isa = PBXBuildFile; fileRef = F33C04F824800BA900707ADA /* PlaceCardViewModel.swift */; };
		F33C050224800BA900707ADA /* PlaceCardViewController.swift in Sources */ = {isa = PBXBuildFile; fileRef = F33C04FA24800BA900707ADA /* PlaceCardViewController.swift */; };
		F33C050324800BA900707ADA /* PlaceCardInteractor.swift in Sources */ = {isa = PBXBuildFile; fileRef = F33C04FC24800BA900707ADA /* PlaceCardInteractor.swift */; };
		F3BB25D624853B4F000B78A9 /* PlaceCardSliderCell.swift in Sources */ = {isa = PBXBuildFile; fileRef = F3BB25D524853B4F000B78A9 /* PlaceCardSliderCell.swift */; };
		F3BB25D924853E61000B78A9 /* PlaceCardSliderDataSource.swift in Sources */ = {isa = PBXBuildFile; fileRef = F3BB25D824853E61000B78A9 /* PlaceCardSliderDataSource.swift */; };
		F3BB25DB248547DC000B78A9 /* PlaceModel.swift in Sources */ = {isa = PBXBuildFile; fileRef = F3BB25DA248547DC000B78A9 /* PlaceModel.swift */; };
		F3C393A024815CFE00BDD89C /* PlacesService.swift in Sources */ = {isa = PBXBuildFile; fileRef = F3C3939F24815CFE00BDD89C /* PlacesService.swift */; };
/* End PBXBuildFile section */

/* Begin PBXFileReference section */
		0833EE38565F50B634819D37 /* Pods-IGid.debug.xcconfig */ = {isa = PBXFileReference; includeInIndex = 1; lastKnownFileType = text.xcconfig; name = "Pods-IGid.debug.xcconfig"; path = "Target Support Files/Pods-IGid/Pods-IGid.debug.xcconfig"; sourceTree = "<group>"; };
		4D3C0B0F247A6BC600B22355 /* AuthInteractor.swift */ = {isa = PBXFileReference; lastKnownFileType = sourcecode.swift; path = AuthInteractor.swift; sourceTree = "<group>"; };
		4D3C0B17247A72A800B22355 /* DependencyFactory.swift */ = {isa = PBXFileReference; fileEncoding = 4; lastKnownFileType = sourcecode.swift; path = DependencyFactory.swift; sourceTree = "<group>"; };
		4D3C0B18247A72A800B22355 /* ServiceFactory.swift */ = {isa = PBXFileReference; fileEncoding = 4; lastKnownFileType = sourcecode.swift; path = ServiceFactory.swift; sourceTree = "<group>"; };
		4D3C0B19247A72A800B22355 /* CoreFactory.swift */ = {isa = PBXFileReference; fileEncoding = 4; lastKnownFileType = sourcecode.swift; path = CoreFactory.swift; sourceTree = "<group>"; };
		4D3C0B1A247A72A800B22355 /* CompositionFactory.swift */ = {isa = PBXFileReference; fileEncoding = 4; lastKnownFileType = sourcecode.swift; path = CompositionFactory.swift; sourceTree = "<group>"; };
		4D3C0B22247A787900B22355 /* MainTabBarController.swift */ = {isa = PBXFileReference; lastKnownFileType = sourcecode.swift; path = MainTabBarController.swift; sourceTree = "<group>"; };
		4D3C0B24247A78ED00B22355 /* Loadable.swift */ = {isa = PBXFileReference; lastKnownFileType = sourcecode.swift; path = Loadable.swift; sourceTree = "<group>"; };
		4D3C0B26247A791D00B22355 /* RouterInput.swift */ = {isa = PBXFileReference; lastKnownFileType = sourcecode.swift; path = RouterInput.swift; sourceTree = "<group>"; };
		4D3C0B29247A794400B22355 /* ModuleTransitionHandler.swift */ = {isa = PBXFileReference; lastKnownFileType = sourcecode.swift; path = ModuleTransitionHandler.swift; sourceTree = "<group>"; };
		4D3C0B2B247A795700B22355 /* Assembly.swift */ = {isa = PBXFileReference; lastKnownFileType = sourcecode.swift; path = Assembly.swift; sourceTree = "<group>"; };
		4D3C0B2D247A798700B22355 /* ViewOutput.swift */ = {isa = PBXFileReference; lastKnownFileType = sourcecode.swift; path = ViewOutput.swift; sourceTree = "<group>"; };
		4D3C0B30247A79CC00B22355 /* AlertPresentable.swift */ = {isa = PBXFileReference; lastKnownFileType = sourcecode.swift; path = AlertPresentable.swift; sourceTree = "<group>"; };
		4D3C0B32247A79E400B22355 /* AlertAction.swift */ = {isa = PBXFileReference; lastKnownFileType = sourcecode.swift; path = AlertAction.swift; sourceTree = "<group>"; };
		4D3C0B34247A7A0B00B22355 /* Localized.strings */ = {isa = PBXFileReference; lastKnownFileType = text.plist.strings; path = Localized.strings; sourceTree = "<group>"; };
		4D3C0B3A247A7A9E00B22355 /* TableCellConfigurator.swift */ = {isa = PBXFileReference; lastKnownFileType = sourcecode.swift; path = TableCellConfigurator.swift; sourceTree = "<group>"; };
		4D3C0B3C247A7AB600B22355 /* CellConfigurator.swift */ = {isa = PBXFileReference; lastKnownFileType = sourcecode.swift; path = CellConfigurator.swift; sourceTree = "<group>"; };
		4D3C0B3E247A7AC600B22355 /* Configurable.swift */ = {isa = PBXFileReference; lastKnownFileType = sourcecode.swift; path = Configurable.swift; sourceTree = "<group>"; };
		4D3C0B40247A7ADE00B22355 /* CollectionCellConfigurator.swift */ = {isa = PBXFileReference; lastKnownFileType = sourcecode.swift; path = CollectionCellConfigurator.swift; sourceTree = "<group>"; };
		4D3C0B43247A7B0800B22355 /* MainRouter.swift */ = {isa = PBXFileReference; lastKnownFileType = sourcecode.swift; path = MainRouter.swift; sourceTree = "<group>"; };
		4D3C0B45247A7B3600B22355 /* InterfaceUtils.swift */ = {isa = PBXFileReference; lastKnownFileType = sourcecode.swift; path = InterfaceUtils.swift; sourceTree = "<group>"; };
		4D3C0B47247A89E800B22355 /* MainTabBarAssembly.swift */ = {isa = PBXFileReference; lastKnownFileType = sourcecode.swift; path = MainTabBarAssembly.swift; sourceTree = "<group>"; };
		4D3C0B49247A8ACB00B22355 /* MainTabBarPresenter.swift */ = {isa = PBXFileReference; lastKnownFileType = sourcecode.swift; path = MainTabBarPresenter.swift; sourceTree = "<group>"; };
		4D3C0B4C247A9AFC00B22355 /* AuthRouter.swift */ = {isa = PBXFileReference; lastKnownFileType = sourcecode.swift; path = AuthRouter.swift; sourceTree = "<group>"; };
		4D3C0B56247AA43400B22355 /* ProfileMenuDataProvider.swift */ = {isa = PBXFileReference; fileEncoding = 4; lastKnownFileType = sourcecode.swift; path = ProfileMenuDataProvider.swift; sourceTree = "<group>"; };
		4D3C0B57247AA43400B22355 /* ProfileMenuPresenter.swift */ = {isa = PBXFileReference; fileEncoding = 4; lastKnownFileType = sourcecode.swift; path = ProfileMenuPresenter.swift; sourceTree = "<group>"; };
		4D3C0B59247AA43400B22355 /* ProfileMenuAssembly.swift */ = {isa = PBXFileReference; fileEncoding = 4; lastKnownFileType = sourcecode.swift; path = ProfileMenuAssembly.swift; sourceTree = "<group>"; };
		4D3C0B5A247AA43400B22355 /* ProfileMenuRouter.swift */ = {isa = PBXFileReference; fileEncoding = 4; lastKnownFileType = sourcecode.swift; path = ProfileMenuRouter.swift; sourceTree = "<group>"; };
		4D3C0B5C247AA43400B22355 /* ProfileMenuViewModel.swift */ = {isa = PBXFileReference; fileEncoding = 4; lastKnownFileType = sourcecode.swift; path = ProfileMenuViewModel.swift; sourceTree = "<group>"; };
		4D3C0B5E247AA43400B22355 /* ProfileMenuViewController.swift */ = {isa = PBXFileReference; fileEncoding = 4; lastKnownFileType = sourcecode.swift; path = ProfileMenuViewController.swift; sourceTree = "<group>"; };
		4D3C0B60247AA43400B22355 /* ProfileMenuInteractor.swift */ = {isa = PBXFileReference; fileEncoding = 4; lastKnownFileType = sourcecode.swift; path = ProfileMenuInteractor.swift; sourceTree = "<group>"; };
		4D3C0B69247AA82C00B22355 /* Collection+Safe.swift */ = {isa = PBXFileReference; lastKnownFileType = sourcecode.swift; path = "Collection+Safe.swift"; sourceTree = "<group>"; };
		4D3C0B6B247AA85100B22355 /* NSObject+ClassName.swift */ = {isa = PBXFileReference; lastKnownFileType = sourcecode.swift; path = "NSObject+ClassName.swift"; sourceTree = "<group>"; };
		4D3C0B6E247BF52400B22355 /* ProfileCell.swift */ = {isa = PBXFileReference; lastKnownFileType = sourcecode.swift; path = ProfileCell.swift; sourceTree = "<group>"; };
		4D3C0B70247C01AE00B22355 /* UIView + Borders.swift */ = {isa = PBXFileReference; lastKnownFileType = sourcecode.swift; path = "UIView + Borders.swift"; sourceTree = "<group>"; };
		4D3C0B72247C123D00B22355 /* UICollection+Register.swift */ = {isa = PBXFileReference; lastKnownFileType = sourcecode.swift; path = "UICollection+Register.swift"; sourceTree = "<group>"; };
		4D3C0B78247D389700B22355 /* PlacesDataProvider.swift */ = {isa = PBXFileReference; fileEncoding = 4; lastKnownFileType = sourcecode.swift; path = PlacesDataProvider.swift; sourceTree = "<group>"; };
		4D3C0B79247D389700B22355 /* PlacesPresenter.swift */ = {isa = PBXFileReference; fileEncoding = 4; lastKnownFileType = sourcecode.swift; path = PlacesPresenter.swift; sourceTree = "<group>"; };
		4D3C0B7B247D389700B22355 /* PlacesAssembly.swift */ = {isa = PBXFileReference; fileEncoding = 4; lastKnownFileType = sourcecode.swift; path = PlacesAssembly.swift; sourceTree = "<group>"; };
		4D3C0B7C247D389700B22355 /* PlacesRouter.swift */ = {isa = PBXFileReference; fileEncoding = 4; lastKnownFileType = sourcecode.swift; path = PlacesRouter.swift; sourceTree = "<group>"; };
		4D3C0B7E247D389700B22355 /* PlacesViewModel.swift */ = {isa = PBXFileReference; fileEncoding = 4; lastKnownFileType = sourcecode.swift; path = PlacesViewModel.swift; sourceTree = "<group>"; };
		4D3C0B80247D389700B22355 /* PlacesViewController.swift */ = {isa = PBXFileReference; fileEncoding = 4; lastKnownFileType = sourcecode.swift; path = PlacesViewController.swift; sourceTree = "<group>"; };
		4D3C0B82247D389700B22355 /* PlacesMenuInteractor.swift */ = {isa = PBXFileReference; fileEncoding = 4; lastKnownFileType = sourcecode.swift; path = PlacesMenuInteractor.swift; sourceTree = "<group>"; };
		4D3C0B8A247D39A200B22355 /* UIView + Edges.swift */ = {isa = PBXFileReference; lastKnownFileType = sourcecode.swift; path = "UIView + Edges.swift"; sourceTree = "<group>"; };
		4D3C0B8D247D3F9800B22355 /* PlaceCell.swift */ = {isa = PBXFileReference; lastKnownFileType = sourcecode.swift; path = PlaceCell.swift; sourceTree = "<group>"; };
		4D3C0B90247D89BC00B22355 /* UserModel.swift */ = {isa = PBXFileReference; lastKnownFileType = sourcecode.swift; path = UserModel.swift; sourceTree = "<group>"; };
		4D3C0B92247DA70400B22355 /* UserService.swift */ = {isa = PBXFileReference; lastKnownFileType = sourcecode.swift; path = UserService.swift; sourceTree = "<group>"; };
		4D3C0B94247DB1B600B22355 /* UserError.swift */ = {isa = PBXFileReference; lastKnownFileType = sourcecode.swift; path = UserError.swift; sourceTree = "<group>"; };
		4D667112246602F7003E1012 /* OneLineTextField.swift */ = {isa = PBXFileReference; lastKnownFileType = sourcecode.swift; path = OneLineTextField.swift; sourceTree = "<group>"; };
		4D66711C2466C571003E1012 /* AuthService.swift */ = {isa = PBXFileReference; lastKnownFileType = sourcecode.swift; path = AuthService.swift; sourceTree = "<group>"; };
		4DB00CC0245CB45E00FCC349 /* IGid.app */ = {isa = PBXFileReference; explicitFileType = wrapper.application; includeInIndex = 0; path = IGid.app; sourceTree = BUILT_PRODUCTS_DIR; };
		4DB00CC3245CB45E00FCC349 /* AppDelegate.swift */ = {isa = PBXFileReference; lastKnownFileType = sourcecode.swift; path = AppDelegate.swift; sourceTree = "<group>"; };
		4DB00CC5245CB45E00FCC349 /* SceneDelegate.swift */ = {isa = PBXFileReference; lastKnownFileType = sourcecode.swift; path = SceneDelegate.swift; sourceTree = "<group>"; };
		4DB00CCC245CB46100FCC349 /* Assets.xcassets */ = {isa = PBXFileReference; lastKnownFileType = folder.assetcatalog; path = Assets.xcassets; sourceTree = "<group>"; };
		4DB00CCF245CB46100FCC349 /* Base */ = {isa = PBXFileReference; lastKnownFileType = file.storyboard; name = Base; path = Base.lproj/LaunchScreen.storyboard; sourceTree = "<group>"; };
		4DB00CD1245CB46100FCC349 /* Info.plist */ = {isa = PBXFileReference; lastKnownFileType = text.plist.xml; name = Info.plist; path = Application/Info.plist; sourceTree = "<group>"; };
		4DB00CDE245CC0D300FCC349 /* AuthViewController.swift */ = {isa = PBXFileReference; lastKnownFileType = sourcecode.swift; path = AuthViewController.swift; sourceTree = "<group>"; };
		4DB00CE6245D91D700FCC349 /* GoogleService-Info.plist */ = {isa = PBXFileReference; fileEncoding = 4; lastKnownFileType = text.plist.xml; name = "GoogleService-Info.plist"; path = "Application/GoogleService-Info.plist"; sourceTree = "<group>"; };
		4DB00CE8245D96C900FCC349 /* IGid.entitlements */ = {isa = PBXFileReference; lastKnownFileType = text.plist.entitlements; path = IGid.entitlements; sourceTree = "<group>"; };
		4DB00CE9245DA51800FCC349 /* AuthAssembly.swift */ = {isa = PBXFileReference; lastKnownFileType = sourcecode.swift; path = AuthAssembly.swift; sourceTree = "<group>"; };
		4DB00CEF246045D100FCC349 /* LaunchViewController.swift */ = {isa = PBXFileReference; lastKnownFileType = sourcecode.swift; path = LaunchViewController.swift; sourceTree = "<group>"; };
		4DB00CF32460482900FCC349 /* Aliases.swift */ = {isa = PBXFileReference; lastKnownFileType = sourcecode.swift; path = Aliases.swift; sourceTree = "<group>"; };
		4DB00CF724604B3C00FCC349 /* R.generated.swift */ = {isa = PBXFileReference; fileEncoding = 4; lastKnownFileType = sourcecode.swift; path = R.generated.swift; sourceTree = SOURCE_ROOT; };
		4DB00CFA24604BBE00FCC349 /* LaunchAssembly.swift */ = {isa = PBXFileReference; lastKnownFileType = sourcecode.swift; path = LaunchAssembly.swift; sourceTree = "<group>"; };
		4DB00CFD2460DAB600FCC349 /* sf-ui-display-bold-58646a511e3d9.otf */ = {isa = PBXFileReference; lastKnownFileType = file; path = "sf-ui-display-bold-58646a511e3d9.otf"; sourceTree = "<group>"; };
		4DB00CFE2460DAB600FCC349 /* sf-ui-display-heavy-586470160b9e5.otf */ = {isa = PBXFileReference; lastKnownFileType = file; path = "sf-ui-display-heavy-586470160b9e5.otf"; sourceTree = "<group>"; };
		4DB00CFF2460DAB600FCC349 /* sf-ui-display-thin-58646e9b26e8b.otf */ = {isa = PBXFileReference; lastKnownFileType = file; path = "sf-ui-display-thin-58646e9b26e8b.otf"; sourceTree = "<group>"; };
		4DB00D002460DAB600FCC349 /* sf-ui-display-semibold-58646eddcae92.otf */ = {isa = PBXFileReference; lastKnownFileType = file; path = "sf-ui-display-semibold-58646eddcae92.otf"; sourceTree = "<group>"; };
		4DB00D012460DAB600FCC349 /* sf-ui-display-black-58646a6b80d5a.otf */ = {isa = PBXFileReference; lastKnownFileType = file; path = "sf-ui-display-black-58646a6b80d5a.otf"; sourceTree = "<group>"; };
		4DB00D022460DAB600FCC349 /* sf-ui-display-medium-58646be638f96.otf */ = {isa = PBXFileReference; lastKnownFileType = file; path = "sf-ui-display-medium-58646be638f96.otf"; sourceTree = "<group>"; };
		4DB00D032460DAB600FCC349 /* SF UI Display Regular.ttf */ = {isa = PBXFileReference; lastKnownFileType = file; path = "SF UI Display Regular.ttf"; sourceTree = "<group>"; };
		4DB00D042460DAB600FCC349 /* sf-ui-display-light-58646b33e0551.otf */ = {isa = PBXFileReference; lastKnownFileType = file; path = "sf-ui-display-light-58646b33e0551.otf"; sourceTree = "<group>"; };
		4DB00D052460DAB600FCC349 /* sf-ui-display-ultralight-58646b19bf205.otf */ = {isa = PBXFileReference; lastKnownFileType = file; path = "sf-ui-display-ultralight-58646b19bf205.otf"; sourceTree = "<group>"; };
		4DB00D1124617BDD00FCC349 /* UIButton + Extensions.swift */ = {isa = PBXFileReference; lastKnownFileType = sourcecode.swift; path = "UIButton + Extensions.swift"; sourceTree = "<group>"; };
		4DB00D1324617C5600FCC349 /* UILabel + Extensions.swift */ = {isa = PBXFileReference; lastKnownFileType = sourcecode.swift; path = "UILabel + Extensions.swift"; sourceTree = "<group>"; };
		4DB00D1524617C9500FCC349 /* UIColor + Extensions.swift */ = {isa = PBXFileReference; lastKnownFileType = sourcecode.swift; path = "UIColor + Extensions.swift"; sourceTree = "<group>"; };
		4DB00D1724617D2E00FCC349 /* UIStackView + Extensions.swift */ = {isa = PBXFileReference; lastKnownFileType = sourcecode.swift; path = "UIStackView + Extensions.swift"; sourceTree = "<group>"; };
		4DB00D1A24617EA100FCC349 /* BottomFromView.swift */ = {isa = PBXFileReference; lastKnownFileType = sourcecode.swift; path = BottomFromView.swift; sourceTree = "<group>"; };
		4DB00D1C2461A3E800FCC349 /* AuthPresenter.swift */ = {isa = PBXFileReference; lastKnownFileType = sourcecode.swift; path = AuthPresenter.swift; sourceTree = "<group>"; };
		B07E176B9BB2833B8A7E1B4C /* Pods_IGid.framework */ = {isa = PBXFileReference; explicitFileType = wrapper.framework; includeInIndex = 0; path = Pods_IGid.framework; sourceTree = BUILT_PRODUCTS_DIR; };
		CC73B8CFFBF7E70889B0299F /* Pods-IGid.release.xcconfig */ = {isa = PBXFileReference; includeInIndex = 1; lastKnownFileType = text.xcconfig; name = "Pods-IGid.release.xcconfig"; path = "Target Support Files/Pods-IGid/Pods-IGid.release.xcconfig"; sourceTree = "<group>"; };
		F3079E152486781A0047E37A /* SnappingCollectionViewLayout.swift */ = {isa = PBXFileReference; lastKnownFileType = sourcecode.swift; path = SnappingCollectionViewLayout.swift; sourceTree = "<group>"; };
		F3079E1A248682750047E37A /* MapViewController.swift */ = {isa = PBXFileReference; lastKnownFileType = sourcecode.swift; path = MapViewController.swift; sourceTree = "<group>"; };
		F3079E1D248682AF0047E37A /* MapAssembly.swift */ = {isa = PBXFileReference; lastKnownFileType = sourcecode.swift; path = MapAssembly.swift; sourceTree = "<group>"; };
		F3079E20248684060047E37A /* MapPresenter.swift */ = {isa = PBXFileReference; lastKnownFileType = sourcecode.swift; path = MapPresenter.swift; sourceTree = "<group>"; };
		F3079E22248690C20047E37A /* AnnotationModel.swift */ = {isa = PBXFileReference; lastKnownFileType = sourcecode.swift; path = AnnotationModel.swift; sourceTree = "<group>"; };
		F33C04E6247FA35400707ADA /* ShrinkingTableViewCell.swift */ = {isa = PBXFileReference; lastKnownFileType = sourcecode.swift; path = ShrinkingTableViewCell.swift; sourceTree = "<group>"; };
		F33C04E8247FA36D00707ADA /* ShrinkingCollectionViewCell.swift */ = {isa = PBXFileReference; lastKnownFileType = sourcecode.swift; path = ShrinkingCollectionViewCell.swift; sourceTree = "<group>"; };
		F33C04EA247FB89100707ADA /* UIViewController+NavigationBar.swift */ = {isa = PBXFileReference; lastKnownFileType = sourcecode.swift; path = "UIViewController+NavigationBar.swift"; sourceTree = "<group>"; };
		F33C04EC247FE3F000707ADA /* EdgesInsertLabel.swift */ = {isa = PBXFileReference; lastKnownFileType = sourcecode.swift; path = EdgesInsertLabel.swift; sourceTree = "<group>"; };
		F33C04F324800BA900707ADA /* PlaceCardPresenter.swift */ = {isa = PBXFileReference; fileEncoding = 4; lastKnownFileType = sourcecode.swift; path = PlaceCardPresenter.swift; sourceTree = "<group>"; };
		F33C04F524800BA900707ADA /* PlaceCardAssembly.swift */ = {isa = PBXFileReference; fileEncoding = 4; lastKnownFileType = sourcecode.swift; path = PlaceCardAssembly.swift; sourceTree = "<group>"; };
		F33C04F624800BA900707ADA /* PlaceCardRouter.swift */ = {isa = PBXFileReference; fileEncoding = 4; lastKnownFileType = sourcecode.swift; path = PlaceCardRouter.swift; sourceTree = "<group>"; };
		F33C04F824800BA900707ADA /* PlaceCardViewModel.swift */ = {isa = PBXFileReference; fileEncoding = 4; lastKnownFileType = sourcecode.swift; path = PlaceCardViewModel.swift; sourceTree = "<group>"; };
		F33C04FA24800BA900707ADA /* PlaceCardViewController.swift */ = {isa = PBXFileReference; fileEncoding = 4; lastKnownFileType = sourcecode.swift; path = PlaceCardViewController.swift; sourceTree = "<group>"; };
		F33C04FC24800BA900707ADA /* PlaceCardInteractor.swift */ = {isa = PBXFileReference; fileEncoding = 4; lastKnownFileType = sourcecode.swift; path = PlaceCardInteractor.swift; sourceTree = "<group>"; };
		F3BB25D524853B4F000B78A9 /* PlaceCardSliderCell.swift */ = {isa = PBXFileReference; lastKnownFileType = sourcecode.swift; path = PlaceCardSliderCell.swift; sourceTree = "<group>"; };
		F3BB25D824853E61000B78A9 /* PlaceCardSliderDataSource.swift */ = {isa = PBXFileReference; lastKnownFileType = sourcecode.swift; path = PlaceCardSliderDataSource.swift; sourceTree = "<group>"; };
		F3BB25DA248547DC000B78A9 /* PlaceModel.swift */ = {isa = PBXFileReference; lastKnownFileType = sourcecode.swift; path = PlaceModel.swift; sourceTree = "<group>"; };
		F3C3939F24815CFE00BDD89C /* PlacesService.swift */ = {isa = PBXFileReference; lastKnownFileType = sourcecode.swift; path = PlacesService.swift; sourceTree = "<group>"; };
/* End PBXFileReference section */

/* Begin PBXFrameworksBuildPhase section */
		4DB00CBD245CB45E00FCC349 /* Frameworks */ = {
			isa = PBXFrameworksBuildPhase;
			buildActionMask = 2147483647;
			files = (
				9FBFB476DD628E9DE9827BEB /* Pods_IGid.framework in Frameworks */,
			);
			runOnlyForDeploymentPostprocessing = 0;
		};
/* End PBXFrameworksBuildPhase section */

/* Begin PBXGroup section */
		0646AA48C3474EC330D70638 /* Pods */ = {
			isa = PBXGroup;
			children = (
				0833EE38565F50B634819D37 /* Pods-IGid.debug.xcconfig */,
				CC73B8CFFBF7E70889B0299F /* Pods-IGid.release.xcconfig */,
			);
			path = Pods;
			sourceTree = "<group>";
		};
		4D3C0B0E247A6B6C00B22355 /* Interactor */ = {
			isa = PBXGroup;
			children = (
				4D3C0B0F247A6BC600B22355 /* AuthInteractor.swift */,
			);
			path = Interactor;
			sourceTree = "<group>";
		};
		4D3C0B15247A72A800B22355 /* CompositionFactory */ = {
			isa = PBXGroup;
			children = (
				4D3C0B16247A72A800B22355 /* FieryCrucible */,
				4D3C0B18247A72A800B22355 /* ServiceFactory.swift */,
				4D3C0B19247A72A800B22355 /* CoreFactory.swift */,
				4D3C0B1A247A72A800B22355 /* CompositionFactory.swift */,
			);
			path = CompositionFactory;
			sourceTree = "<group>";
		};
		4D3C0B16247A72A800B22355 /* FieryCrucible */ = {
			isa = PBXGroup;
			children = (
				4D3C0B17247A72A800B22355 /* DependencyFactory.swift */,
			);
			path = FieryCrucible;
			sourceTree = "<group>";
		};
		4D3C0B1F247A784E00B22355 /* Assembly */ = {
			isa = PBXGroup;
			children = (
				4D3C0B47247A89E800B22355 /* MainTabBarAssembly.swift */,
			);
			path = Assembly;
			sourceTree = "<group>";
		};
		4D3C0B20247A785800B22355 /* View */ = {
			isa = PBXGroup;
			children = (
				4D3C0B22247A787900B22355 /* MainTabBarController.swift */,
			);
			path = View;
			sourceTree = "<group>";
		};
		4D3C0B21247A785D00B22355 /* Presenter */ = {
			isa = PBXGroup;
			children = (
				4D3C0B49247A8ACB00B22355 /* MainTabBarPresenter.swift */,
			);
			path = Presenter;
			sourceTree = "<group>";
		};
		4D3C0B28247A793400B22355 /* Assembly */ = {
			isa = PBXGroup;
			children = (
				4D3C0B29247A794400B22355 /* ModuleTransitionHandler.swift */,
				4D3C0B2B247A795700B22355 /* Assembly.swift */,
			);
			path = Assembly;
			sourceTree = "<group>";
		};
		4D3C0B2F247A79B700B22355 /* AlertPresentable */ = {
			isa = PBXGroup;
			children = (
				4D3C0B30247A79CC00B22355 /* AlertPresentable.swift */,
				4D3C0B32247A79E400B22355 /* AlertAction.swift */,
			);
			path = AlertPresentable;
			sourceTree = "<group>";
		};
		4D3C0B37247A7A7500B22355 /* CellConfigurator */ = {
			isa = PBXGroup;
			children = (
				4D3C0B3A247A7A9E00B22355 /* TableCellConfigurator.swift */,
				4D3C0B3C247A7AB600B22355 /* CellConfigurator.swift */,
				4D3C0B3E247A7AC600B22355 /* Configurable.swift */,
				4D3C0B40247A7ADE00B22355 /* CollectionCellConfigurator.swift */,
			);
			path = CellConfigurator;
			sourceTree = "<group>";
		};
		4D3C0B42247A7AFC00B22355 /* MainRouter */ = {
			isa = PBXGroup;
			children = (
				4D3C0B43247A7B0800B22355 /* MainRouter.swift */,
			);
			path = MainRouter;
			sourceTree = "<group>";
		};
		4D3C0B4B247A9AE400B22355 /* Router */ = {
			isa = PBXGroup;
			children = (
				4D3C0B4C247A9AFC00B22355 /* AuthRouter.swift */,
			);
			path = Router;
			sourceTree = "<group>";
		};
		4D3C0B53247AA43400B22355 /* Profile */ = {
			isa = PBXGroup;
			children = (
				4D3C0B54247AA43400B22355 /* Presenter */,
				4D3C0B58247AA43400B22355 /* Wireframe */,
				4D3C0B5B247AA43400B22355 /* Model */,
				4D3C0B5D247AA43400B22355 /* View */,
				4D3C0B5F247AA43400B22355 /* Interactor */,
			);
			path = Profile;
			sourceTree = "<group>";
		};
		4D3C0B54247AA43400B22355 /* Presenter */ = {
			isa = PBXGroup;
			children = (
				4D3C0B55247AA43400B22355 /* DataProvider */,
				4D3C0B57247AA43400B22355 /* ProfileMenuPresenter.swift */,
			);
			path = Presenter;
			sourceTree = "<group>";
		};
		4D3C0B55247AA43400B22355 /* DataProvider */ = {
			isa = PBXGroup;
			children = (
				4D3C0B56247AA43400B22355 /* ProfileMenuDataProvider.swift */,
			);
			path = DataProvider;
			sourceTree = "<group>";
		};
		4D3C0B58247AA43400B22355 /* Wireframe */ = {
			isa = PBXGroup;
			children = (
				4D3C0B59247AA43400B22355 /* ProfileMenuAssembly.swift */,
				4D3C0B5A247AA43400B22355 /* ProfileMenuRouter.swift */,
			);
			path = Wireframe;
			sourceTree = "<group>";
		};
		4D3C0B5B247AA43400B22355 /* Model */ = {
			isa = PBXGroup;
			children = (
				4D3C0B5C247AA43400B22355 /* ProfileMenuViewModel.swift */,
			);
			path = Model;
			sourceTree = "<group>";
		};
		4D3C0B5D247AA43400B22355 /* View */ = {
			isa = PBXGroup;
			children = (
				4D3C0B6D247BF50300B22355 /* Cell */,
				4D3C0B5E247AA43400B22355 /* ProfileMenuViewController.swift */,
			);
			path = View;
			sourceTree = "<group>";
		};
		4D3C0B5F247AA43400B22355 /* Interactor */ = {
			isa = PBXGroup;
			children = (
				4D3C0B60247AA43400B22355 /* ProfileMenuInteractor.swift */,
			);
			path = Interactor;
			sourceTree = "<group>";
		};
		4D3C0B68247AA81700B22355 /* Foundation */ = {
			isa = PBXGroup;
			children = (
				4D3C0B69247AA82C00B22355 /* Collection+Safe.swift */,
				4D3C0B6B247AA85100B22355 /* NSObject+ClassName.swift */,
			);
			path = Foundation;
			sourceTree = "<group>";
		};
		4D3C0B6D247BF50300B22355 /* Cell */ = {
			isa = PBXGroup;
			children = (
				4D3C0B6E247BF52400B22355 /* ProfileCell.swift */,
			);
			path = Cell;
			sourceTree = "<group>";
		};
		4D3C0B75247D389700B22355 /* Places */ = {
			isa = PBXGroup;
			children = (
				4D3C0B76247D389700B22355 /* Presenter */,
				4D3C0B7A247D389700B22355 /* Wireframe */,
				4D3C0B7D247D389700B22355 /* Model */,
				4D3C0B7F247D389700B22355 /* View */,
				4D3C0B81247D389700B22355 /* Interactor */,
			);
			path = Places;
			sourceTree = "<group>";
		};
		4D3C0B76247D389700B22355 /* Presenter */ = {
			isa = PBXGroup;
			children = (
				4D3C0B77247D389700B22355 /* DataProvider */,
				4D3C0B79247D389700B22355 /* PlacesPresenter.swift */,
			);
			path = Presenter;
			sourceTree = "<group>";
		};
		4D3C0B77247D389700B22355 /* DataProvider */ = {
			isa = PBXGroup;
			children = (
				4D3C0B78247D389700B22355 /* PlacesDataProvider.swift */,
			);
			path = DataProvider;
			sourceTree = "<group>";
		};
		4D3C0B7A247D389700B22355 /* Wireframe */ = {
			isa = PBXGroup;
			children = (
				4D3C0B7B247D389700B22355 /* PlacesAssembly.swift */,
				4D3C0B7C247D389700B22355 /* PlacesRouter.swift */,
			);
			path = Wireframe;
			sourceTree = "<group>";
		};
		4D3C0B7D247D389700B22355 /* Model */ = {
			isa = PBXGroup;
			children = (
				4D3C0B7E247D389700B22355 /* PlacesViewModel.swift */,
			);
			path = Model;
			sourceTree = "<group>";
		};
		4D3C0B7F247D389700B22355 /* View */ = {
			isa = PBXGroup;
			children = (
				4D3C0B8C247D3F0F00B22355 /* Cell */,
				4D3C0B80247D389700B22355 /* PlacesViewController.swift */,
			);
			path = View;
			sourceTree = "<group>";
		};
		4D3C0B81247D389700B22355 /* Interactor */ = {
			isa = PBXGroup;
			children = (
				4D3C0B82247D389700B22355 /* PlacesMenuInteractor.swift */,
			);
			path = Interactor;
			sourceTree = "<group>";
		};
		4D3C0B8C247D3F0F00B22355 /* Cell */ = {
			isa = PBXGroup;
			children = (
				4D3C0B8D247D3F9800B22355 /* PlaceCell.swift */,
			);
			path = Cell;
			sourceTree = "<group>";
		};
		4D3C0B8F247D89A400B22355 /* Models */ = {
			isa = PBXGroup;
			children = (
				4D3C0B90247D89BC00B22355 /* UserModel.swift */,
				4D3C0B94247DB1B600B22355 /* UserError.swift */,
				F3BB25DA248547DC000B78A9 /* PlaceModel.swift */,
				F3079E22248690C20047E37A /* AnnotationModel.swift */,
			);
			path = Models;
			sourceTree = "<group>";
		};
		4D66711B2466C565003E1012 /* Services */ = {
			isa = PBXGroup;
			children = (
				4D66711C2466C571003E1012 /* AuthService.swift */,
				4D3C0B92247DA70400B22355 /* UserService.swift */,
				F3C3939F24815CFE00BDD89C /* PlacesService.swift */,
			);
			path = Services;
			sourceTree = "<group>";
		};
		4DB00CB7245CB45E00FCC349 = {
			isa = PBXGroup;
			children = (
				4DB00CC2245CB45E00FCC349 /* IGid */,
				4DB00CC1245CB45E00FCC349 /* Products */,
				0646AA48C3474EC330D70638 /* Pods */,
				F0E05CF330531A7107E1F2BE /* Frameworks */,
			);
			sourceTree = "<group>";
		};
		4DB00CC1245CB45E00FCC349 /* Products */ = {
			isa = PBXGroup;
			children = (
				4DB00CC0245CB45E00FCC349 /* IGid.app */,
			);
			name = Products;
			sourceTree = "<group>";
		};
		4DB00CC2245CB45E00FCC349 /* IGid */ = {
			isa = PBXGroup;
			children = (
				4DB00CD8245CB76900FCC349 /* Application */,
				4DB00CD7245CB75200FCC349 /* Modules */,
				4DB00CF12460481300FCC349 /* Common */,
				4D66711B2466C565003E1012 /* Services */,
				4D3C0B8F247D89A400B22355 /* Models */,
				4DB00CF624604B2900FCC349 /* Resources */,
				4DB00CD1245CB46100FCC349 /* Info.plist */,
				4DB00CE6245D91D700FCC349 /* GoogleService-Info.plist */,
				4DB00CE8245D96C900FCC349 /* IGid.entitlements */,
				4DB00CCC245CB46100FCC349 /* Assets.xcassets */,
			);
			path = IGid;
			sourceTree = "<group>";
		};
		4DB00CD7245CB75200FCC349 /* Modules */ = {
			isa = PBXGroup;
			children = (
				F3079E18248682610047E37A /* Map */,
				F33C04EF24800BA900707ADA /* PlaceCard */,
				4D3C0B75247D389700B22355 /* Places */,
				4D3C0B53247AA43400B22355 /* Profile */,
				4DB00CDA245CB8F100FCC349 /* MainTabBarController */,
				4DB00CEB2460458B00FCC349 /* Launch */,
				4DB00CD9245CB8E700FCC349 /* Auth */,
			);
			path = Modules;
			sourceTree = "<group>";
		};
		4DB00CD8245CB76900FCC349 /* Application */ = {
			isa = PBXGroup;
			children = (
				4DB00CC3245CB45E00FCC349 /* AppDelegate.swift */,
				4DB00CC5245CB45E00FCC349 /* SceneDelegate.swift */,
				4DB00CCE245CB46100FCC349 /* LaunchScreen.storyboard */,
			);
			path = Application;
			sourceTree = "<group>";
		};
		4DB00CD9245CB8E700FCC349 /* Auth */ = {
			isa = PBXGroup;
			children = (
				4DB00CEE246045A400FCC349 /* Wireframe */,
				4DB00CDD245CC01A00FCC349 /* Presenter */,
				4DB00CDC245CB94600FCC349 /* View */,
				4D3C0B0E247A6B6C00B22355 /* Interactor */,
			);
			path = Auth;
			sourceTree = "<group>";
		};
		4DB00CDA245CB8F100FCC349 /* MainTabBarController */ = {
			isa = PBXGroup;
			children = (
				4D3C0B21247A785D00B22355 /* Presenter */,
				4D3C0B20247A785800B22355 /* View */,
				4D3C0B1F247A784E00B22355 /* Assembly */,
			);
			path = MainTabBarController;
			sourceTree = "<group>";
		};
		4DB00CDB245CB93900FCC349 /* Assembly */ = {
			isa = PBXGroup;
			children = (
				4DB00CE9245DA51800FCC349 /* AuthAssembly.swift */,
			);
			path = Assembly;
			sourceTree = "<group>";
		};
		4DB00CDC245CB94600FCC349 /* View */ = {
			isa = PBXGroup;
			children = (
				4DB00CDE245CC0D300FCC349 /* AuthViewController.swift */,
			);
			path = View;
			sourceTree = "<group>";
		};
		4DB00CDD245CC01A00FCC349 /* Presenter */ = {
			isa = PBXGroup;
			children = (
				4DB00D1C2461A3E800FCC349 /* AuthPresenter.swift */,
			);
			path = Presenter;
			sourceTree = "<group>";
		};
		4DB00CE3245CCE0A00FCC349 /* Protocols */ = {
			isa = PBXGroup;
			children = (
				4D3C0B37247A7A7500B22355 /* CellConfigurator */,
				4D3C0B2F247A79B700B22355 /* AlertPresentable */,
				4D3C0B24247A78ED00B22355 /* Loadable.swift */,
				4D3C0B26247A791D00B22355 /* RouterInput.swift */,
				4D3C0B2D247A798700B22355 /* ViewOutput.swift */,
			);
			path = Protocols;
			sourceTree = "<group>";
		};
		4DB00CEB2460458B00FCC349 /* Launch */ = {
			isa = PBXGroup;
			children = (
				4DB00CED2460459B00FCC349 /* Wireframe */,
				4DB00CEC2460459100FCC349 /* View */,
			);
			path = Launch;
			sourceTree = "<group>";
		};
		4DB00CEC2460459100FCC349 /* View */ = {
			isa = PBXGroup;
			children = (
				4DB00CEF246045D100FCC349 /* LaunchViewController.swift */,
			);
			path = View;
			sourceTree = "<group>";
		};
		4DB00CED2460459B00FCC349 /* Wireframe */ = {
			isa = PBXGroup;
			children = (
				4DB00CF924604BAD00FCC349 /* Assembly */,
			);
			path = Wireframe;
			sourceTree = "<group>";
		};
		4DB00CEE246045A400FCC349 /* Wireframe */ = {
			isa = PBXGroup;
			children = (
				4D3C0B4B247A9AE400B22355 /* Router */,
				4DB00CDB245CB93900FCC349 /* Assembly */,
			);
			path = Wireframe;
			sourceTree = "<group>";
		};
		4DB00CF12460481300FCC349 /* Common */ = {
			isa = PBXGroup;
			children = (
				4DB00D0F24617BBD00FCC349 /* Extensions */,
				4D3C0B42247A7AFC00B22355 /* MainRouter */,
				4DB00CE3245CCE0A00FCC349 /* Protocols */,
				4D3C0B28247A793400B22355 /* Assembly */,
				4D3C0B15247A72A800B22355 /* CompositionFactory */,
				4DB00D1924617E8E00FCC349 /* UIElements */,
				4DB00CF22460481900FCC349 /* Constants */,
			);
			path = Common;
			sourceTree = "<group>";
		};
		4DB00CF22460481900FCC349 /* Constants */ = {
			isa = PBXGroup;
			children = (
				4DB00CF32460482900FCC349 /* Aliases.swift */,
				4D3C0B45247A7B3600B22355 /* InterfaceUtils.swift */,
			);
			path = Constants;
			sourceTree = "<group>";
		};
		4DB00CF624604B2900FCC349 /* Resources */ = {
			isa = PBXGroup;
			children = (
				4DB00CFC2460DA9D00FCC349 /* Fonts */,
				4DB00CF724604B3C00FCC349 /* R.generated.swift */,
				4D3C0B34247A7A0B00B22355 /* Localized.strings */,
			);
			path = Resources;
			sourceTree = "<group>";
		};
		4DB00CF924604BAD00FCC349 /* Assembly */ = {
			isa = PBXGroup;
			children = (
				4DB00CFA24604BBE00FCC349 /* LaunchAssembly.swift */,
			);
			path = Assembly;
			sourceTree = "<group>";
		};
		4DB00CFC2460DA9D00FCC349 /* Fonts */ = {
			isa = PBXGroup;
			children = (
				4DB00D032460DAB600FCC349 /* SF UI Display Regular.ttf */,
				4DB00D012460DAB600FCC349 /* sf-ui-display-black-58646a6b80d5a.otf */,
				4DB00CFD2460DAB600FCC349 /* sf-ui-display-bold-58646a511e3d9.otf */,
				4DB00CFE2460DAB600FCC349 /* sf-ui-display-heavy-586470160b9e5.otf */,
				4DB00D042460DAB600FCC349 /* sf-ui-display-light-58646b33e0551.otf */,
				4DB00D022460DAB600FCC349 /* sf-ui-display-medium-58646be638f96.otf */,
				4DB00D002460DAB600FCC349 /* sf-ui-display-semibold-58646eddcae92.otf */,
				4DB00CFF2460DAB600FCC349 /* sf-ui-display-thin-58646e9b26e8b.otf */,
				4DB00D052460DAB600FCC349 /* sf-ui-display-ultralight-58646b19bf205.otf */,
			);
			path = Fonts;
			sourceTree = "<group>";
		};
		4DB00D0F24617BBD00FCC349 /* Extensions */ = {
			isa = PBXGroup;
			children = (
				4D3C0B68247AA81700B22355 /* Foundation */,
				4DB00D1024617BC700FCC349 /* UIKit */,
			);
			path = Extensions;
			sourceTree = "<group>";
		};
		4DB00D1024617BC700FCC349 /* UIKit */ = {
			isa = PBXGroup;
			children = (
				4DB00D1124617BDD00FCC349 /* UIButton + Extensions.swift */,
				4DB00D1324617C5600FCC349 /* UILabel + Extensions.swift */,
				4DB00D1524617C9500FCC349 /* UIColor + Extensions.swift */,
				4DB00D1724617D2E00FCC349 /* UIStackView + Extensions.swift */,
				4D3C0B70247C01AE00B22355 /* UIView + Borders.swift */,
				4D3C0B72247C123D00B22355 /* UICollection+Register.swift */,
				4D3C0B8A247D39A200B22355 /* UIView + Edges.swift */,
				F33C04EA247FB89100707ADA /* UIViewController+NavigationBar.swift */,
			);
			path = UIKit;
			sourceTree = "<group>";
		};
		4DB00D1924617E8E00FCC349 /* UIElements */ = {
			isa = PBXGroup;
			children = (
				4DB00D1A24617EA100FCC349 /* BottomFromView.swift */,
				4D667112246602F7003E1012 /* OneLineTextField.swift */,
				F33C04E6247FA35400707ADA /* ShrinkingTableViewCell.swift */,
				F33C04E8247FA36D00707ADA /* ShrinkingCollectionViewCell.swift */,
				F33C04EC247FE3F000707ADA /* EdgesInsertLabel.swift */,
				F3079E152486781A0047E37A /* SnappingCollectionViewLayout.swift */,
			);
			path = UIElements;
			sourceTree = "<group>";
		};
		F0E05CF330531A7107E1F2BE /* Frameworks */ = {
			isa = PBXGroup;
			children = (
				B07E176B9BB2833B8A7E1B4C /* Pods_IGid.framework */,
			);
			name = Frameworks;
			sourceTree = "<group>";
		};
		F3079E18248682610047E37A /* Map */ = {
			isa = PBXGroup;
			children = (
				F3079E1C2486829C0047E37A /* Wireframe */,
				F3079E1F248683F90047E37A /* Presenter */,
				F3079E19248682680047E37A /* View */,
			);
			path = Map;
			sourceTree = "<group>";
		};
		F3079E19248682680047E37A /* View */ = {
			isa = PBXGroup;
			children = (
				F3079E1A248682750047E37A /* MapViewController.swift */,
			);
			path = View;
			sourceTree = "<group>";
		};
		F3079E1C2486829C0047E37A /* Wireframe */ = {
			isa = PBXGroup;
			children = (
				F3079E1D248682AF0047E37A /* MapAssembly.swift */,
			);
			path = Wireframe;
			sourceTree = "<group>";
		};
		F3079E1F248683F90047E37A /* Presenter */ = {
			isa = PBXGroup;
			children = (
				F3079E20248684060047E37A /* MapPresenter.swift */,
			);
			path = Presenter;
			sourceTree = "<group>";
		};
		F33C04EF24800BA900707ADA /* PlaceCard */ = {
			isa = PBXGroup;
			children = (
				F33C04F024800BA900707ADA /* Presenter */,
				F33C04F424800BA900707ADA /* Wireframe */,
				F33C04F724800BA900707ADA /* Model */,
				F33C04F924800BA900707ADA /* View */,
				F33C04FB24800BA900707ADA /* Interactor */,
			);
			path = PlaceCard;
			sourceTree = "<group>";
		};
		F33C04F024800BA900707ADA /* Presenter */ = {
			isa = PBXGroup;
			children = (
				F33C04F324800BA900707ADA /* PlaceCardPresenter.swift */,
			);
			path = Presenter;
			sourceTree = "<group>";
		};
		F33C04F424800BA900707ADA /* Wireframe */ = {
			isa = PBXGroup;
			children = (
				F33C04F524800BA900707ADA /* PlaceCardAssembly.swift */,
				F33C04F624800BA900707ADA /* PlaceCardRouter.swift */,
			);
			path = Wireframe;
			sourceTree = "<group>";
		};
		F33C04F724800BA900707ADA /* Model */ = {
			isa = PBXGroup;
			children = (
				F33C04F824800BA900707ADA /* PlaceCardViewModel.swift */,
			);
			path = Model;
			sourceTree = "<group>";
		};
		F33C04F924800BA900707ADA /* View */ = {
			isa = PBXGroup;
			children = (
				F3BB25D724853E49000B78A9 /* DataSource */,
				F3BB25D424853B32000B78A9 /* Cell */,
				F33C04FA24800BA900707ADA /* PlaceCardViewController.swift */,
			);
			path = View;
			sourceTree = "<group>";
		};
		F33C04FB24800BA900707ADA /* Interactor */ = {
			isa = PBXGroup;
			children = (
				F33C04FC24800BA900707ADA /* PlaceCardInteractor.swift */,
			);
			path = Interactor;
			sourceTree = "<group>";
		};
		F3BB25D424853B32000B78A9 /* Cell */ = {
			isa = PBXGroup;
			children = (
				F3BB25D524853B4F000B78A9 /* PlaceCardSliderCell.swift */,
			);
			path = Cell;
			sourceTree = "<group>";
		};
		F3BB25D724853E49000B78A9 /* DataSource */ = {
			isa = PBXGroup;
			children = (
				F3BB25D824853E61000B78A9 /* PlaceCardSliderDataSource.swift */,
			);
			path = DataSource;
			sourceTree = "<group>";
		};
/* End PBXGroup section */

/* Begin PBXNativeTarget section */
		4DB00CBF245CB45E00FCC349 /* IGid */ = {
			isa = PBXNativeTarget;
			buildConfigurationList = 4DB00CD4245CB46100FCC349 /* Build configuration list for PBXNativeTarget "IGid" */;
			buildPhases = (
				B338C9783E14F54CAAFFCFBF /* [CP] Check Pods Manifest.lock */,
				4DB00CF524604A2D00FCC349 /* ShellScript */,
				4DB00CBC245CB45E00FCC349 /* Sources */,
				4DB00CBD245CB45E00FCC349 /* Frameworks */,
				4DB00CBE245CB45E00FCC349 /* Resources */,
				DF49F919BBC2E71F1B330C3B /* [CP] Embed Pods Frameworks */,
				FA38C8BAED7518874E97BB47 /* [CP] Copy Pods Resources */,
			);
			buildRules = (
			);
			dependencies = (
			);
			name = IGid;
			productName = IGid;
			productReference = 4DB00CC0245CB45E00FCC349 /* IGid.app */;
			productType = "com.apple.product-type.application";
		};
/* End PBXNativeTarget section */

/* Begin PBXProject section */
		4DB00CB8245CB45E00FCC349 /* Project object */ = {
			isa = PBXProject;
			attributes = {
				LastSwiftUpdateCheck = 1140;
				LastUpgradeCheck = 1140;
				ORGANIZATIONNAME = "Магомедов Рамазан";
				TargetAttributes = {
					4DB00CBF245CB45E00FCC349 = {
						CreatedOnToolsVersion = 11.4;
					};
				};
			};
			buildConfigurationList = 4DB00CBB245CB45E00FCC349 /* Build configuration list for PBXProject "IGid" */;
			compatibilityVersion = "Xcode 9.3";
			developmentRegion = en;
			hasScannedForEncodings = 0;
			knownRegions = (
				en,
				Base,
			);
			mainGroup = 4DB00CB7245CB45E00FCC349;
			productRefGroup = 4DB00CC1245CB45E00FCC349 /* Products */;
			projectDirPath = "";
			projectRoot = "";
			targets = (
				4DB00CBF245CB45E00FCC349 /* IGid */,
			);
		};
/* End PBXProject section */

/* Begin PBXResourcesBuildPhase section */
		4DB00CBE245CB45E00FCC349 /* Resources */ = {
			isa = PBXResourcesBuildPhase;
			buildActionMask = 2147483647;
			files = (
				4DB00D0C2460DAB600FCC349 /* SF UI Display Regular.ttf in Resources */,
				4DB00CD0245CB46100FCC349 /* LaunchScreen.storyboard in Resources */,
				4DB00D0E2460DAB600FCC349 /* sf-ui-display-ultralight-58646b19bf205.otf in Resources */,
				4DB00D0B2460DAB600FCC349 /* sf-ui-display-medium-58646be638f96.otf in Resources */,
				4DB00D082460DAB600FCC349 /* sf-ui-display-thin-58646e9b26e8b.otf in Resources */,
				4DB00D0A2460DAB600FCC349 /* sf-ui-display-black-58646a6b80d5a.otf in Resources */,
				4DB00CCD245CB46100FCC349 /* Assets.xcassets in Resources */,
				4DB00D072460DAB600FCC349 /* sf-ui-display-heavy-586470160b9e5.otf in Resources */,
				4DB00D092460DAB600FCC349 /* sf-ui-display-semibold-58646eddcae92.otf in Resources */,
				4DB00D0D2460DAB600FCC349 /* sf-ui-display-light-58646b33e0551.otf in Resources */,
				4D3C0B35247A7A0B00B22355 /* Localized.strings in Resources */,
				4DB00CE7245D91D700FCC349 /* GoogleService-Info.plist in Resources */,
				4DB00D062460DAB600FCC349 /* sf-ui-display-bold-58646a511e3d9.otf in Resources */,
			);
			runOnlyForDeploymentPostprocessing = 0;
		};
/* End PBXResourcesBuildPhase section */

/* Begin PBXShellScriptBuildPhase section */
		4DB00CF524604A2D00FCC349 /* ShellScript */ = {
			isa = PBXShellScriptBuildPhase;
			buildActionMask = 2147483647;
			files = (
			);
			inputFileListPaths = (
			);
			inputPaths = (
				"$TEMP_DIR/rswift-lastrun",
			);
			outputFileListPaths = (
			);
			outputPaths = (
				$SRCROOT/R.generated.swift,
			);
			runOnlyForDeploymentPostprocessing = 0;
			shellPath = /bin/sh;
			shellScript = "\"$PODS_ROOT/R.swift/rswift\" generate \"$SRCROOT/R.generated.swift\"\n";
		};
		B338C9783E14F54CAAFFCFBF /* [CP] Check Pods Manifest.lock */ = {
			isa = PBXShellScriptBuildPhase;
			buildActionMask = 2147483647;
			files = (
			);
			inputFileListPaths = (
			);
			inputPaths = (
				"${PODS_PODFILE_DIR_PATH}/Podfile.lock",
				"${PODS_ROOT}/Manifest.lock",
			);
			name = "[CP] Check Pods Manifest.lock";
			outputFileListPaths = (
			);
			outputPaths = (
				"$(DERIVED_FILE_DIR)/Pods-IGid-checkManifestLockResult.txt",
			);
			runOnlyForDeploymentPostprocessing = 0;
			shellPath = /bin/sh;
			shellScript = "diff \"${PODS_PODFILE_DIR_PATH}/Podfile.lock\" \"${PODS_ROOT}/Manifest.lock\" > /dev/null\nif [ $? != 0 ] ; then\n    # print error to STDERR\n    echo \"error: The sandbox is not in sync with the Podfile.lock. Run 'pod install' or update your CocoaPods installation.\" >&2\n    exit 1\nfi\n# This output is used by Xcode 'outputs' to avoid re-running this script phase.\necho \"SUCCESS\" > \"${SCRIPT_OUTPUT_FILE_0}\"\n";
			showEnvVarsInLog = 0;
		};
		DF49F919BBC2E71F1B330C3B /* [CP] Embed Pods Frameworks */ = {
			isa = PBXShellScriptBuildPhase;
			buildActionMask = 2147483647;
			files = (
			);
			inputFileListPaths = (
				"${PODS_ROOT}/Target Support Files/Pods-IGid/Pods-IGid-frameworks-${CONFIGURATION}-input-files.xcfilelist",
			);
			name = "[CP] Embed Pods Frameworks";
			outputFileListPaths = (
				"${PODS_ROOT}/Target Support Files/Pods-IGid/Pods-IGid-frameworks-${CONFIGURATION}-output-files.xcfilelist",
			);
			runOnlyForDeploymentPostprocessing = 0;
			shellPath = /bin/sh;
			shellScript = "\"${PODS_ROOT}/Target Support Files/Pods-IGid/Pods-IGid-frameworks.sh\"\n";
			showEnvVarsInLog = 0;
		};
		FA38C8BAED7518874E97BB47 /* [CP] Copy Pods Resources */ = {
			isa = PBXShellScriptBuildPhase;
			buildActionMask = 2147483647;
			files = (
			);
			inputFileListPaths = (
				"${PODS_ROOT}/Target Support Files/Pods-IGid/Pods-IGid-resources-${CONFIGURATION}-input-files.xcfilelist",
			);
			name = "[CP] Copy Pods Resources";
			outputFileListPaths = (
				"${PODS_ROOT}/Target Support Files/Pods-IGid/Pods-IGid-resources-${CONFIGURATION}-output-files.xcfilelist",
			);
			runOnlyForDeploymentPostprocessing = 0;
			shellPath = /bin/sh;
			shellScript = "\"${PODS_ROOT}/Target Support Files/Pods-IGid/Pods-IGid-resources.sh\"\n";
			showEnvVarsInLog = 0;
		};
/* End PBXShellScriptBuildPhase section */

/* Begin PBXSourcesBuildPhase section */
		4DB00CBC245CB45E00FCC349 /* Sources */ = {
			isa = PBXSourcesBuildPhase;
			buildActionMask = 2147483647;
			files = (
				4D3C0B73247C123D00B22355 /* UICollection+Register.swift in Sources */,
				F3079E162486781A0047E37A /* SnappingCollectionViewLayout.swift in Sources */,
				4D3C0B86247D389800B22355 /* PlacesRouter.swift in Sources */,
				4D3C0B33247A79E400B22355 /* AlertAction.swift in Sources */,
				4D3C0B65247AA43500B22355 /* ProfileMenuViewModel.swift in Sources */,
				4DB00D1224617BDD00FCC349 /* UIButton + Extensions.swift in Sources */,
				4DB00CC4245CB45E00FCC349 /* AppDelegate.swift in Sources */,
				4DB00D1424617C5600FCC349 /* UILabel + Extensions.swift in Sources */,
				4D3C0B6C247AA85100B22355 /* NSObject+ClassName.swift in Sources */,
				4D3C0B3D247A7AB600B22355 /* CellConfigurator.swift in Sources */,
				4D3C0B6A247AA82C00B22355 /* Collection+Safe.swift in Sources */,
				4D3C0B31247A79CC00B22355 /* AlertPresentable.swift in Sources */,
				4DB00D1624617C9500FCC349 /* UIColor + Extensions.swift in Sources */,
				4D3C0B1C247A72A800B22355 /* ServiceFactory.swift in Sources */,
				F3BB25DB248547DC000B78A9 /* PlaceModel.swift in Sources */,
				4D3C0B2A247A794400B22355 /* ModuleTransitionHandler.swift in Sources */,
				4D3C0B25247A78ED00B22355 /* Loadable.swift in Sources */,
				F33C050224800BA900707ADA /* PlaceCardViewController.swift in Sources */,
				F33C04FE24800BA900707ADA /* PlaceCardPresenter.swift in Sources */,
				F3079E1B248682750047E37A /* MapViewController.swift in Sources */,
				4DB00CDF245CC0D300FCC349 /* AuthViewController.swift in Sources */,
				4D3C0B84247D389800B22355 /* PlacesPresenter.swift in Sources */,
				F3079E1E248682AF0047E37A /* MapAssembly.swift in Sources */,
				4D3C0B23247A787900B22355 /* MainTabBarController.swift in Sources */,
				4DB00D1B24617EA100FCC349 /* BottomFromView.swift in Sources */,
				F3C393A024815CFE00BDD89C /* PlacesService.swift in Sources */,
				4D3C0B85247D389800B22355 /* PlacesAssembly.swift in Sources */,
				4D3C0B64247AA43500B22355 /* ProfileMenuRouter.swift in Sources */,
				4D66711D2466C571003E1012 /* AuthService.swift in Sources */,
				4D3C0B83247D389800B22355 /* PlacesDataProvider.swift in Sources */,
				F33C04E7247FA35400707ADA /* ShrinkingTableViewCell.swift in Sources */,
				4DB00CF824604B3C00FCC349 /* R.generated.swift in Sources */,
				4D3C0B4A247A8ACB00B22355 /* MainTabBarPresenter.swift in Sources */,
				F33C050324800BA900707ADA /* PlaceCardInteractor.swift in Sources */,
				4D3C0B44247A7B0800B22355 /* MainRouter.swift in Sources */,
				4D3C0B93247DA70400B22355 /* UserService.swift in Sources */,
				4D3C0B95247DB1B600B22355 /* UserError.swift in Sources */,
				4DB00D1D2461A3E800FCC349 /* AuthPresenter.swift in Sources */,
				4D3C0B27247A791D00B22355 /* RouterInput.swift in Sources */,
				4D3C0B62247AA43500B22355 /* ProfileMenuPresenter.swift in Sources */,
				F33C04FF24800BA900707ADA /* PlaceCardAssembly.swift in Sources */,
				4D3C0B71247C01AE00B22355 /* UIView + Borders.swift in Sources */,
				4D3C0B3B247A7A9E00B22355 /* TableCellConfigurator.swift in Sources */,
				F33C050124800BA900707ADA /* PlaceCardViewModel.swift in Sources */,
				4DB00CF42460482900FCC349 /* Aliases.swift in Sources */,
				4D3C0B2E247A798700B22355 /* ViewOutput.swift in Sources */,
				4DB00CC6245CB45E00FCC349 /* SceneDelegate.swift in Sources */,
				4DB00CEA245DA51800FCC349 /* AuthAssembly.swift in Sources */,
				F33C050024800BA900707ADA /* PlaceCardRouter.swift in Sources */,
				4D667113246602F7003E1012 /* OneLineTextField.swift in Sources */,
				F33C04EB247FB89100707ADA /* UIViewController+NavigationBar.swift in Sources */,
				4D3C0B67247AA43500B22355 /* ProfileMenuInteractor.swift in Sources */,
				4D3C0B89247D389800B22355 /* PlacesMenuInteractor.swift in Sources */,
				4D3C0B1E247A72A800B22355 /* CompositionFactory.swift in Sources */,
				4DB00D1824617D2E00FCC349 /* UIStackView + Extensions.swift in Sources */,
				4D3C0B88247D389800B22355 /* PlacesViewController.swift in Sources */,
				4D3C0B1D247A72A800B22355 /* CoreFactory.swift in Sources */,
				F33C04ED247FE3F000707ADA /* EdgesInsertLabel.swift in Sources */,
				4D3C0B3F247A7AC600B22355 /* Configurable.swift in Sources */,
				4D3C0B63247AA43500B22355 /* ProfileMenuAssembly.swift in Sources */,
				4D3C0B46247A7B3600B22355 /* InterfaceUtils.swift in Sources */,
				F33C04E9247FA36D00707ADA /* ShrinkingCollectionViewCell.swift in Sources */,
				F3BB25D924853E61000B78A9 /* PlaceCardSliderDataSource.swift in Sources */,
				4D3C0B4D247A9AFC00B22355 /* AuthRouter.swift in Sources */,
				4D3C0B2C247A795700B22355 /* Assembly.swift in Sources */,
				4D3C0B87247D389800B22355 /* PlacesViewModel.swift in Sources */,
				4D3C0B10247A6BC600B22355 /* AuthInteractor.swift in Sources */,
				F3079E21248684060047E37A /* MapPresenter.swift in Sources */,
				4D3C0B8B247D39A200B22355 /* UIView + Edges.swift in Sources */,
				4DB00CF0246045D100FCC349 /* LaunchViewController.swift in Sources */,
				4D3C0B48247A89E800B22355 /* MainTabBarAssembly.swift in Sources */,
				4D3C0B8E247D3F9800B22355 /* PlaceCell.swift in Sources */,
				F3BB25D624853B4F000B78A9 /* PlaceCardSliderCell.swift in Sources */,
				4DB00CFB24604BBE00FCC349 /* LaunchAssembly.swift in Sources */,
				4D3C0B41247A7ADE00B22355 /* CollectionCellConfigurator.swift in Sources */,
				4D3C0B61247AA43500B22355 /* ProfileMenuDataProvider.swift in Sources */,
				4D3C0B6F247BF52400B22355 /* ProfileCell.swift in Sources */,
				4D3C0B1B247A72A800B22355 /* DependencyFactory.swift in Sources */,
				4D3C0B91247D89BC00B22355 /* UserModel.swift in Sources */,
				F3079E23248690C20047E37A /* AnnotationModel.swift in Sources */,
				4D3C0B66247AA43500B22355 /* ProfileMenuViewController.swift in Sources */,
			);
			runOnlyForDeploymentPostprocessing = 0;
		};
/* End PBXSourcesBuildPhase section */

/* Begin PBXVariantGroup section */
		4DB00CCE245CB46100FCC349 /* LaunchScreen.storyboard */ = {
			isa = PBXVariantGroup;
			children = (
				4DB00CCF245CB46100FCC349 /* Base */,
			);
			name = LaunchScreen.storyboard;
			sourceTree = "<group>";
		};
/* End PBXVariantGroup section */

/* Begin XCBuildConfiguration section */
		4DB00CD2245CB46100FCC349 /* Debug */ = {
			isa = XCBuildConfiguration;
			buildSettings = {
				ALWAYS_SEARCH_USER_PATHS = NO;
				CLANG_ANALYZER_NONNULL = YES;
				CLANG_ANALYZER_NUMBER_OBJECT_CONVERSION = YES_AGGRESSIVE;
				CLANG_CXX_LANGUAGE_STANDARD = "gnu++14";
				CLANG_CXX_LIBRARY = "libc++";
				CLANG_ENABLE_MODULES = YES;
				CLANG_ENABLE_OBJC_ARC = YES;
				CLANG_ENABLE_OBJC_WEAK = YES;
				CLANG_WARN_BLOCK_CAPTURE_AUTORELEASING = YES;
				CLANG_WARN_BOOL_CONVERSION = YES;
				CLANG_WARN_COMMA = YES;
				CLANG_WARN_CONSTANT_CONVERSION = YES;
				CLANG_WARN_DEPRECATED_OBJC_IMPLEMENTATIONS = YES;
				CLANG_WARN_DIRECT_OBJC_ISA_USAGE = YES_ERROR;
				CLANG_WARN_DOCUMENTATION_COMMENTS = YES;
				CLANG_WARN_EMPTY_BODY = YES;
				CLANG_WARN_ENUM_CONVERSION = YES;
				CLANG_WARN_INFINITE_RECURSION = YES;
				CLANG_WARN_INT_CONVERSION = YES;
				CLANG_WARN_NON_LITERAL_NULL_CONVERSION = YES;
				CLANG_WARN_OBJC_IMPLICIT_RETAIN_SELF = YES;
				CLANG_WARN_OBJC_LITERAL_CONVERSION = YES;
				CLANG_WARN_OBJC_ROOT_CLASS = YES_ERROR;
				CLANG_WARN_RANGE_LOOP_ANALYSIS = YES;
				CLANG_WARN_STRICT_PROTOTYPES = YES;
				CLANG_WARN_SUSPICIOUS_MOVE = YES;
				CLANG_WARN_UNGUARDED_AVAILABILITY = YES_AGGRESSIVE;
				CLANG_WARN_UNREACHABLE_CODE = YES;
				CLANG_WARN__DUPLICATE_METHOD_MATCH = YES;
				COPY_PHASE_STRIP = NO;
				DEBUG_INFORMATION_FORMAT = dwarf;
				ENABLE_STRICT_OBJC_MSGSEND = YES;
				ENABLE_TESTABILITY = YES;
				GCC_C_LANGUAGE_STANDARD = gnu11;
				GCC_DYNAMIC_NO_PIC = NO;
				GCC_NO_COMMON_BLOCKS = YES;
				GCC_OPTIMIZATION_LEVEL = 0;
				GCC_PREPROCESSOR_DEFINITIONS = (
					"DEBUG=1",
					"$(inherited)",
				);
				GCC_WARN_64_TO_32_BIT_CONVERSION = YES;
				GCC_WARN_ABOUT_RETURN_TYPE = YES_ERROR;
				GCC_WARN_UNDECLARED_SELECTOR = YES;
				GCC_WARN_UNINITIALIZED_AUTOS = YES_AGGRESSIVE;
				GCC_WARN_UNUSED_FUNCTION = YES;
				GCC_WARN_UNUSED_VARIABLE = YES;
				IPHONEOS_DEPLOYMENT_TARGET = 13.0;
				MTL_ENABLE_DEBUG_INFO = INCLUDE_SOURCE;
				MTL_FAST_MATH = YES;
				ONLY_ACTIVE_ARCH = YES;
				SDKROOT = iphoneos;
				SWIFT_ACTIVE_COMPILATION_CONDITIONS = DEBUG;
				SWIFT_OPTIMIZATION_LEVEL = "-Onone";
			};
			name = Debug;
		};
		4DB00CD3245CB46100FCC349 /* Release */ = {
			isa = XCBuildConfiguration;
			buildSettings = {
				ALWAYS_SEARCH_USER_PATHS = NO;
				CLANG_ANALYZER_NONNULL = YES;
				CLANG_ANALYZER_NUMBER_OBJECT_CONVERSION = YES_AGGRESSIVE;
				CLANG_CXX_LANGUAGE_STANDARD = "gnu++14";
				CLANG_CXX_LIBRARY = "libc++";
				CLANG_ENABLE_MODULES = YES;
				CLANG_ENABLE_OBJC_ARC = YES;
				CLANG_ENABLE_OBJC_WEAK = YES;
				CLANG_WARN_BLOCK_CAPTURE_AUTORELEASING = YES;
				CLANG_WARN_BOOL_CONVERSION = YES;
				CLANG_WARN_COMMA = YES;
				CLANG_WARN_CONSTANT_CONVERSION = YES;
				CLANG_WARN_DEPRECATED_OBJC_IMPLEMENTATIONS = YES;
				CLANG_WARN_DIRECT_OBJC_ISA_USAGE = YES_ERROR;
				CLANG_WARN_DOCUMENTATION_COMMENTS = YES;
				CLANG_WARN_EMPTY_BODY = YES;
				CLANG_WARN_ENUM_CONVERSION = YES;
				CLANG_WARN_INFINITE_RECURSION = YES;
				CLANG_WARN_INT_CONVERSION = YES;
				CLANG_WARN_NON_LITERAL_NULL_CONVERSION = YES;
				CLANG_WARN_OBJC_IMPLICIT_RETAIN_SELF = YES;
				CLANG_WARN_OBJC_LITERAL_CONVERSION = YES;
				CLANG_WARN_OBJC_ROOT_CLASS = YES_ERROR;
				CLANG_WARN_RANGE_LOOP_ANALYSIS = YES;
				CLANG_WARN_STRICT_PROTOTYPES = YES;
				CLANG_WARN_SUSPICIOUS_MOVE = YES;
				CLANG_WARN_UNGUARDED_AVAILABILITY = YES_AGGRESSIVE;
				CLANG_WARN_UNREACHABLE_CODE = YES;
				CLANG_WARN__DUPLICATE_METHOD_MATCH = YES;
				COPY_PHASE_STRIP = NO;
				DEBUG_INFORMATION_FORMAT = "dwarf-with-dsym";
				ENABLE_NS_ASSERTIONS = NO;
				ENABLE_STRICT_OBJC_MSGSEND = YES;
				GCC_C_LANGUAGE_STANDARD = gnu11;
				GCC_NO_COMMON_BLOCKS = YES;
				GCC_WARN_64_TO_32_BIT_CONVERSION = YES;
				GCC_WARN_ABOUT_RETURN_TYPE = YES_ERROR;
				GCC_WARN_UNDECLARED_SELECTOR = YES;
				GCC_WARN_UNINITIALIZED_AUTOS = YES_AGGRESSIVE;
				GCC_WARN_UNUSED_FUNCTION = YES;
				GCC_WARN_UNUSED_VARIABLE = YES;
				IPHONEOS_DEPLOYMENT_TARGET = 13.0;
				MTL_ENABLE_DEBUG_INFO = NO;
				MTL_FAST_MATH = YES;
				SDKROOT = iphoneos;
				SWIFT_COMPILATION_MODE = wholemodule;
				SWIFT_OPTIMIZATION_LEVEL = "-O";
				VALIDATE_PRODUCT = YES;
			};
			name = Release;
		};
		4DB00CD5245CB46100FCC349 /* Debug */ = {
			isa = XCBuildConfiguration;
			baseConfigurationReference = 0833EE38565F50B634819D37 /* Pods-IGid.debug.xcconfig */;
			buildSettings = {
				ASSETCATALOG_COMPILER_APPICON_NAME = AppIcon;
				CODE_SIGN_ENTITLEMENTS = IGid/IGid.entitlements;
				CODE_SIGN_STYLE = Automatic;
				DEVELOPMENT_TEAM = 83QXX4KA35;
				INFOPLIST_FILE = "$(SRCROOT)/IGid/Application/Info.plist";
				LD_RUNPATH_SEARCH_PATHS = (
					"$(inherited)",
					"@executable_path/Frameworks",
				);
				PRODUCT_BUNDLE_IDENTIFIER = ramazanDev.IGid;
				PRODUCT_NAME = "$(TARGET_NAME)";
				SWIFT_VERSION = 5.0;
				TARGETED_DEVICE_FAMILY = 1;
			};
			name = Debug;
		};
		4DB00CD6245CB46100FCC349 /* Release */ = {
			isa = XCBuildConfiguration;
			baseConfigurationReference = CC73B8CFFBF7E70889B0299F /* Pods-IGid.release.xcconfig */;
			buildSettings = {
				ASSETCATALOG_COMPILER_APPICON_NAME = AppIcon;
				CODE_SIGN_ENTITLEMENTS = IGid/IGid.entitlements;
				CODE_SIGN_STYLE = Automatic;
				DEVELOPMENT_TEAM = 83QXX4KA35;
				INFOPLIST_FILE = "$(SRCROOT)/IGid/Application/Info.plist";
				LD_RUNPATH_SEARCH_PATHS = (
					"$(inherited)",
					"@executable_path/Frameworks",
				);
				PRODUCT_BUNDLE_IDENTIFIER = ramazanDev.IGid;
				PRODUCT_NAME = "$(TARGET_NAME)";
				SWIFT_VERSION = 5.0;
				TARGETED_DEVICE_FAMILY = 1;
			};
			name = Release;
		};
/* End XCBuildConfiguration section */

/* Begin XCConfigurationList section */
		4DB00CBB245CB45E00FCC349 /* Build configuration list for PBXProject "IGid" */ = {
			isa = XCConfigurationList;
			buildConfigurations = (
				4DB00CD2245CB46100FCC349 /* Debug */,
				4DB00CD3245CB46100FCC349 /* Release */,
			);
			defaultConfigurationIsVisible = 0;
			defaultConfigurationName = Release;
		};
		4DB00CD4245CB46100FCC349 /* Build configuration list for PBXNativeTarget "IGid" */ = {
			isa = XCConfigurationList;
			buildConfigurations = (
				4DB00CD5245CB46100FCC349 /* Debug */,
				4DB00CD6245CB46100FCC349 /* Release */,
			);
			defaultConfigurationIsVisible = 0;
			defaultConfigurationName = Release;
		};
/* End XCConfigurationList section */
	};
	rootObject = 4DB00CB8245CB45E00FCC349 /* Project object */;
}
